
Microsoft Visual Studio Solution File, Format Version 12.00
# Visual Studio 15
VisualStudioVersion = 15.0.27703.2026
MinimumVisualStudioVersion = 10.0.40219.1
Project("{FAE04EC0-301F-11D3-BF4B-00C04F79EFBC}") = "JsonResult_sample", "JsonResult_sample\JsonResult_sample.csproj", "{D27CEEFC-16F1-4A37-A676-ECEA2080244A}"
EndProject
Global
	GlobalSection(SolutionConfigurationPlatforms) = preSolution
		Debug|Any CPU = Debug|Any CPU
		Release|Any CPU = Release|Any CPU
	EndGlobalSection
	GlobalSection(ProjectConfigurationPlatforms) = postSolution
		{D27CEEFC-16F1-4A37-A676-ECEA2080244A}.Debug|Any CPU.ActiveCfg = Debug|Any CPU
		{D27CEEFC-16F1-4A37-A676-ECEA2080244A}.Debug|Any CPU.Build.0 = Debug|Any CPU
		{D27CEEFC-16F1-4A37-A676-ECEA2080244A}.Release|Any CPU.ActiveCfg = Release|Any CPU
		{D27CEEFC-16F1-4A37-A676-ECEA2080244A}.Release|Any CPU.Build.0 = Release|Any CPU
	EndGlobalSection
	GlobalSection(SolutionProperties) = preSolution
		HideSolutionNode = FALSE
	EndGlobalSection
	GlobalSection(ExtensibilityGlobals) = postSolution
		SolutionGuid = {3376F49A-4FC9-469E-ABA1-A02E7907D280}
	EndGlobalSection
EndGlobal
